
Microsoft Visual Studio Solution File, Format Version 12.00
# Visual Studio 2017
Project("{FAE04EC0-301F-11D3-BF4B-00C04F79EFBC}") = "BewonersGO!", "BewonersGO!.csproj", "{7B87C302-B793-25ED-A14C-B9D6280CBC42}"
EndProject
Project("{FAE04EC0-301F-11D3-BF4B-00C04F79EFBC}") = "BewonersGO!.Editor", "BewonersGO!.Editor.csproj", "{0BAC1167-470B-72FC-5A22-8D8FDBCD2064}"
EndProject
Global
	GlobalSection(SolutionConfigurationPlatforms) = preSolution
		Debug|Any CPU = Debug|Any CPU
		Release|Any CPU = Release|Any CPU
	EndGlobalSection
	GlobalSection(ProjectConfigurationPlatforms) = postSolution
		{7B87C302-B793-25ED-A14C-B9D6280CBC42}.Debug|Any CPU.ActiveCfg = Debug|Any CPU
		{7B87C302-B793-25ED-A14C-B9D6280CBC42}.Debug|Any CPU.Build.0 = Debug|Any CPU
		{7B87C302-B793-25ED-A14C-B9D6280CBC42}.Release|Any CPU.ActiveCfg = Release|Any CPU
		{7B87C302-B793-25ED-A14C-B9D6280CBC42}.Release|Any CPU.Build.0 = Release|Any CPU
		{0BAC1167-470B-72FC-5A22-8D8FDBCD2064}.Debug|Any CPU.ActiveCfg = Debug|Any CPU
		{0BAC1167-470B-72FC-5A22-8D8FDBCD2064}.Debug|Any CPU.Build.0 = Debug|Any CPU
		{0BAC1167-470B-72FC-5A22-8D8FDBCD2064}.Release|Any CPU.ActiveCfg = Release|Any CPU
		{0BAC1167-470B-72FC-5A22-8D8FDBCD2064}.Release|Any CPU.Build.0 = Release|Any CPU
	EndGlobalSection
	GlobalSection(SolutionProperties) = preSolution
		HideSolutionNode = FALSE
	EndGlobalSection
EndGlobal
